
Microsoft Visual Studio Solution File, Format Version 12.00
# Visual Studio Version 17
VisualStudioVersion = 17.14.36202.13 d17.14
MinimumVisualStudioVersion = 10.0.40219.1
Project("{FAE04EC0-301F-11D3-BF4B-00C04F79EFBC}") = "EFcore test", "EFcore test.csproj", "{A6D71F58-C7CE-4B8E-988A-7417AF1CF438}"
EndProject
Global
	GlobalSection(SolutionConfigurationPlatforms) = preSolution
		Debug|Any CPU = Debug|Any CPU
		Release|Any CPU = Release|Any CPU
	EndGlobalSection
	GlobalSection(ProjectConfigurationPlatforms) = postSolution
		{A6D71F58-C7CE-4B8E-988A-7417AF1CF438}.Debug|Any CPU.ActiveCfg = Debug|Any CPU
		{A6D71F58-C7CE-4B8E-988A-7417AF1CF438}.Debug|Any CPU.Build.0 = Debug|Any CPU
		{A6D71F58-C7CE-4B8E-988A-7417AF1CF438}.Release|Any CPU.ActiveCfg = Release|Any CPU
		{A6D71F58-C7CE-4B8E-988A-7417AF1CF438}.Release|Any CPU.Build.0 = Release|Any CPU
	EndGlobalSection
	GlobalSection(SolutionProperties) = preSolution
		HideSolutionNode = FALSE
	EndGlobalSection
	GlobalSection(ExtensibilityGlobals) = postSolution
		SolutionGuid = {8141B2AD-6C75-4FE9-92CF-9FDC373A1D09}
	EndGlobalSection
EndGlobal
